// !$*UTF8*$!
{
	archiveVersion = 1;
	classes = {
	};
	objectVersion = 56;
	objects = {

/* Begin PBXBuildFile section */
		538F26892B357E1100A84AC5 /* ScalableNavigation.swift in Sources */ = {isa = PBXBuildFile; fileRef = 538F267C2B357E1100A84AC5 /* ScalableNavigation.swift */; };
		538F268A2B357E1100A84AC5 /* Flow.swift in Sources */ = {isa = PBXBuildFile; fileRef = 538F267D2B357E1100A84AC5 /* Flow.swift */; };
		538F268B2B357E1100A84AC5 /* Factory.swift in Sources */ = {isa = PBXBuildFile; fileRef = 538F267E2B357E1100A84AC5 /* Factory.swift */; };
		538F268C2B357E1100A84AC5 /* ErrorView.swift in Sources */ = {isa = PBXBuildFile; fileRef = 538F26802B357E1100A84AC5 /* ErrorView.swift */; };
		538F268D2B357E1100A84AC5 /* Assets.xcassets in Resources */ = {isa = PBXBuildFile; fileRef = 538F26812B357E1100A84AC5 /* Assets.xcassets */; };
		538F268E2B357E1100A84AC5 /* Preview Assets.xcassets in Resources */ = {isa = PBXBuildFile; fileRef = 538F26832B357E1100A84AC5 /* Preview Assets.xcassets */; };
		538F268F2B357E1100A84AC5 /* README.md in Resources */ = {isa = PBXBuildFile; fileRef = 538F26842B357E1100A84AC5 /* README.md */; };
		538F26902B357E1100A84AC5 /* AnimalView.swift in Sources */ = {isa = PBXBuildFile; fileRef = 538F26862B357E1100A84AC5 /* AnimalView.swift */; };
		538F26912B357E1100A84AC5 /* AnimalListView.swift in Sources */ = {isa = PBXBuildFile; fileRef = 538F26872B357E1100A84AC5 /* AnimalListView.swift */; };
		538F26922B357E1100A84AC5 /* AnimalDetailView.swift in Sources */ = {isa = PBXBuildFile; fileRef = 538F26882B357E1100A84AC5 /* AnimalDetailView.swift */; };
/* End PBXBuildFile section */

/* Begin PBXFileReference section */
		538F267C2B357E1100A84AC5 /* ScalableNavigation.swift */ = {isa = PBXFileReference; fileEncoding = 4; lastKnownFileType = sourcecode.swift; path = ScalableNavigation.swift; sourceTree = "<group>"; };
		538F267D2B357E1100A84AC5 /* Flow.swift */ = {isa = PBXFileReference; fileEncoding = 4; lastKnownFileType = sourcecode.swift; path = Flow.swift; sourceTree = "<group>"; };
		538F267E2B357E1100A84AC5 /* Factory.swift */ = {isa = PBXFileReference; fileEncoding = 4; lastKnownFileType = sourcecode.swift; path = Factory.swift; sourceTree = "<group>"; };
		538F26802B357E1100A84AC5 /* ErrorView.swift */ = {isa = PBXFileReference; fileEncoding = 4; lastKnownFileType = sourcecode.swift; path = ErrorView.swift; sourceTree = "<group>"; };
		538F26812B357E1100A84AC5 /* Assets.xcassets */ = {isa = PBXFileReference; lastKnownFileType = folder.assetcatalog; path = Assets.xcassets; sourceTree = "<group>"; };
		538F26832B357E1100A84AC5 /* Preview Assets.xcassets */ = {isa = PBXFileReference; lastKnownFileType = folder.assetcatalog; path = "Preview Assets.xcassets"; sourceTree = "<group>"; };
		538F26842B357E1100A84AC5 /* README.md */ = {isa = PBXFileReference; fileEncoding = 4; lastKnownFileType = net.daringfireball.markdown; path = README.md; sourceTree = "<group>"; };
		538F26862B357E1100A84AC5 /* AnimalView.swift */ = {isa = PBXFileReference; fileEncoding = 4; lastKnownFileType = sourcecode.swift; path = AnimalView.swift; sourceTree = "<group>"; };
		538F26872B357E1100A84AC5 /* AnimalListView.swift */ = {isa = PBXFileReference; fileEncoding = 4; lastKnownFileType = sourcecode.swift; path = AnimalListView.swift; sourceTree = "<group>"; };
		538F26882B357E1100A84AC5 /* AnimalDetailView.swift */ = {isa = PBXFileReference; fileEncoding = 4; lastKnownFileType = sourcecode.swift; path = AnimalDetailView.swift; sourceTree = "<group>"; };
		53BE9F062B21CDF000C8C5E6 /* ScalableNavigation.app */ = {isa = PBXFileReference; explicitFileType = wrapper.application; includeInIndex = 0; path = ScalableNavigation.app; sourceTree = BUILT_PRODUCTS_DIR; };
/* End PBXFileReference section */

/* Begin PBXFrameworksBuildPhase section */
		53BE9F032B21CDF000C8C5E6 /* Frameworks */ = {
			isa = PBXFrameworksBuildPhase;
			buildActionMask = 2147483647;
			files = (
			);
			runOnlyForDeploymentPostprocessing = 0;
		};
/* End PBXFrameworksBuildPhase section */

/* Begin PBXGroup section */
		538F267A2B357E1100A84AC5 /* ScalableNavigation */ = {
			isa = PBXGroup;
			children = (
				538F26852B357E1100A84AC5 /* Presentation */,
				538F267F2B357E1100A84AC5 /* SharedUI */,
				538F267B2B357E1100A84AC5 /* App */,
				538F26812B357E1100A84AC5 /* Assets.xcassets */,
				538F26822B357E1100A84AC5 /* Preview Content */,
				538F26842B357E1100A84AC5 /* README.md */,
			);
			path = ScalableNavigation;
			sourceTree = "<group>";
		};
		538F267B2B357E1100A84AC5 /* App */ = {
			isa = PBXGroup;
			children = (
				538F267C2B357E1100A84AC5 /* ScalableNavigation.swift */,
				538F267D2B357E1100A84AC5 /* Flow.swift */,
				538F267E2B357E1100A84AC5 /* Factory.swift */,
			);
			path = App;
			sourceTree = "<group>";
		};
		538F267F2B357E1100A84AC5 /* SharedUI */ = {
			isa = PBXGroup;
			children = (
				538F26802B357E1100A84AC5 /* ErrorView.swift */,
			);
			path = SharedUI;
			sourceTree = "<group>";
		};
		538F26822B357E1100A84AC5 /* Preview Content */ = {
			isa = PBXGroup;
			children = (
				538F26832B357E1100A84AC5 /* Preview Assets.xcassets */,
			);
			path = "Preview Content";
			sourceTree = "<group>";
		};
		538F26852B357E1100A84AC5 /* Presentation */ = {
			isa = PBXGroup;
			children = (
				538F26862B357E1100A84AC5 /* AnimalView.swift */,
				538F26872B357E1100A84AC5 /* AnimalListView.swift */,
				538F26882B357E1100A84AC5 /* AnimalDetailView.swift */,
			);
			path = Presentation;
			sourceTree = "<group>";
		};
		53BE9EFD2B21CDF000C8C5E6 = {
			isa = PBXGroup;
			children = (
				538F267A2B357E1100A84AC5 /* ScalableNavigation */,
				53BE9F072B21CDF000C8C5E6 /* Products */,
			);
			sourceTree = "<group>";
		};
		53BE9F072B21CDF000C8C5E6 /* Products */ = {
			isa = PBXGroup;
			children = (
				53BE9F062B21CDF000C8C5E6 /* ScalableNavigation.app */,
			);
			name = Products;
			sourceTree = "<group>";
		};
/* End PBXGroup section */

/* Begin PBXNativeTarget section */
		53BE9F052B21CDF000C8C5E6 /* ScalableNavigation */ = {
			isa = PBXNativeTarget;
			buildConfigurationList = 53BE9F142B21CDF300C8C5E6 /* Build configuration list for PBXNativeTarget "ScalableNavigation" */;
			buildPhases = (
				53BE9F022B21CDF000C8C5E6 /* Sources */,
				53BE9F032B21CDF000C8C5E6 /* Frameworks */,
				53BE9F042B21CDF000C8C5E6 /* Resources */,
			);
			buildRules = (
			);
			dependencies = (
			);
			name = ScalableNavigation;
			productName = ReplaceNotificationCenterWithAdapter;
			productReference = 53BE9F062B21CDF000C8C5E6 /* ScalableNavigation.app */;
			productType = "com.apple.product-type.application";
		};
/* End PBXNativeTarget section */

/* Begin PBXProject section */
		53BE9EFE2B21CDF000C8C5E6 /* Project object */ = {
			isa = PBXProject;
			attributes = {
				BuildIndependentTargetsInParallel = 1;
				LastSwiftUpdateCheck = 1500;
				LastUpgradeCheck = 1500;
				TargetAttributes = {
					53BE9F052B21CDF000C8C5E6 = {
						CreatedOnToolsVersion = 15.0.1;
					};
				};
			};
			buildConfigurationList = 53BE9F012B21CDF000C8C5E6 /* Build configuration list for PBXProject "ScalableNavigation" */;
			compatibilityVersion = "Xcode 14.0";
			developmentRegion = en;
			hasScannedForEncodings = 0;
			knownRegions = (
				en,
				Base,
			);
			mainGroup = 53BE9EFD2B21CDF000C8C5E6;
			productRefGroup = 53BE9F072B21CDF000C8C5E6 /* Products */;
			projectDirPath = "";
			projectRoot = "";
			targets = (
				53BE9F052B21CDF000C8C5E6 /* ScalableNavigation */,
			);
		};
/* End PBXProject section */

/* Begin PBXResourcesBuildPhase section */
		53BE9F042B21CDF000C8C5E6 /* Resources */ = {
			isa = PBXResourcesBuildPhase;
			buildActionMask = 2147483647;
			files = (
				538F268F2B357E1100A84AC5 /* README.md in Resources */,
				538F268E2B357E1100A84AC5 /* Preview Assets.xcassets in Resources */,
				538F268D2B357E1100A84AC5 /* Assets.xcassets in Resources */,
			);
			runOnlyForDeploymentPostprocessing = 0;
		};
/* End PBXResourcesBuildPhase section */

/* Begin PBXSourcesBuildPhase section */
		53BE9F022B21CDF000C8C5E6 /* Sources */ = {
			isa = PBXSourcesBuildPhase;
			buildActionMask = 2147483647;
			files = (
				538F26902B357E1100A84AC5 /* AnimalView.swift in Sources */,
				538F26922B357E1100A84AC5 /* AnimalDetailView.swift in Sources */,
				538F26892B357E1100A84AC5 /* ScalableNavigation.swift in Sources */,
				538F26912B357E1100A84AC5 /* AnimalListView.swift in Sources */,
				538F268A2B357E1100A84AC5 /* Flow.swift in Sources */,
				538F268B2B357E1100A84AC5 /* Factory.swift in Sources */,
				538F268C2B357E1100A84AC5 /* ErrorView.swift in Sources */,
			);
			runOnlyForDeploymentPostprocessing = 0;
		};
/* End PBXSourcesBuildPhase section */

/* Begin XCBuildConfiguration section */
		53BE9F122B21CDF300C8C5E6 /* Debug */ = {
			isa = XCBuildConfiguration;
			buildSettings = {
				ALWAYS_SEARCH_USER_PATHS = NO;
				ASSETCATALOG_COMPILER_GENERATE_SWIFT_ASSET_SYMBOL_EXTENSIONS = YES;
				CLANG_ANALYZER_NONNULL = YES;
				CLANG_ANALYZER_NUMBER_OBJECT_CONVERSION = YES_AGGRESSIVE;
				CLANG_CXX_LANGUAGE_STANDARD = "gnu++20";
				CLANG_ENABLE_MODULES = YES;
				CLANG_ENABLE_OBJC_ARC = YES;
				CLANG_ENABLE_OBJC_WEAK = YES;
				CLANG_WARN_BLOCK_CAPTURE_AUTORELEASING = YES;
				CLANG_WARN_BOOL_CONVERSION = YES;
				CLANG_WARN_COMMA = YES;
				CLANG_WARN_CONSTANT_CONVERSION = YES;
				CLANG_WARN_DEPRECATED_OBJC_IMPLEMENTATIONS = YES;
				CLANG_WARN_DIRECT_OBJC_ISA_USAGE = YES_ERROR;
				CLANG_WARN_DOCUMENTATION_COMMENTS = YES;
				CLANG_WARN_EMPTY_BODY = YES;
				CLANG_WARN_ENUM_CONVERSION = YES;
				CLANG_WARN_INFINITE_RECURSION = YES;
				CLANG_WARN_INT_CONVERSION = YES;
				CLANG_WARN_NON_LITERAL_NULL_CONVERSION = YES;
				CLANG_WARN_OBJC_IMPLICIT_RETAIN_SELF = YES;
				CLANG_WARN_OBJC_LITERAL_CONVERSION = YES;
				CLANG_WARN_OBJC_ROOT_CLASS = YES_ERROR;
				CLANG_WARN_QUOTED_INCLUDE_IN_FRAMEWORK_HEADER = YES;
				CLANG_WARN_RANGE_LOOP_ANALYSIS = YES;
				CLANG_WARN_STRICT_PROTOTYPES = YES;
				CLANG_WARN_SUSPICIOUS_MOVE = YES;
				CLANG_WARN_UNGUARDED_AVAILABILITY = YES_AGGRESSIVE;
				CLANG_WARN_UNREACHABLE_CODE = YES;
				CLANG_WARN__DUPLICATE_METHOD_MATCH = YES;
				COPY_PHASE_STRIP = NO;
				DEBUG_INFORMATION_FORMAT = dwarf;
				ENABLE_STRICT_OBJC_MSGSEND = YES;
				ENABLE_TESTABILITY = YES;
				ENABLE_USER_SCRIPT_SANDBOXING = YES;
				GCC_C_LANGUAGE_STANDARD = gnu17;
				GCC_DYNAMIC_NO_PIC = NO;
				GCC_NO_COMMON_BLOCKS = YES;
				GCC_OPTIMIZATION_LEVEL = 0;
				GCC_PREPROCESSOR_DEFINITIONS = (
					"DEBUG=1",
					"$(inherited)",
				);
				GCC_WARN_64_TO_32_BIT_CONVERSION = YES;
				GCC_WARN_ABOUT_RETURN_TYPE = YES_ERROR;
				GCC_WARN_UNDECLARED_SELECTOR = YES;
				GCC_WARN_UNINITIALIZED_AUTOS = YES_AGGRESSIVE;
				GCC_WARN_UNUSED_FUNCTION = YES;
				GCC_WARN_UNUSED_VARIABLE = YES;
				IPHONEOS_DEPLOYMENT_TARGET = 17.0;
				LOCALIZATION_PREFERS_STRING_CATALOGS = YES;
				MTL_ENABLE_DEBUG_INFO = INCLUDE_SOURCE;
				MTL_FAST_MATH = YES;
				ONLY_ACTIVE_ARCH = YES;
				SDKROOT = iphoneos;
				SWIFT_ACTIVE_COMPILATION_CONDITIONS = "DEBUG $(inherited)";
				SWIFT_OPTIMIZATION_LEVEL = "-Onone";
			};
			name = Debug;
		};
		53BE9F132B21CDF300C8C5E6 /* Release */ = {
			isa = XCBuildConfiguration;
			buildSettings = {
				ALWAYS_SEARCH_USER_PATHS = NO;
				ASSETCATALOG_COMPILER_GENERATE_SWIFT_ASSET_SYMBOL_EXTENSIONS = YES;
				CLANG_ANALYZER_NONNULL = YES;
				CLANG_ANALYZER_NUMBER_OBJECT_CONVERSION = YES_AGGRESSIVE;
				CLANG_CXX_LANGUAGE_STANDARD = "gnu++20";
				CLANG_ENABLE_MODULES = YES;
				CLANG_ENABLE_OBJC_ARC = YES;
				CLANG_ENABLE_OBJC_WEAK = YES;
				CLANG_WARN_BLOCK_CAPTURE_AUTORELEASING = YES;
				CLANG_WARN_BOOL_CONVERSION = YES;
				CLANG_WARN_COMMA = YES;
				CLANG_WARN_CONSTANT_CONVERSION = YES;
				CLANG_WARN_DEPRECATED_OBJC_IMPLEMENTATIONS = YES;
				CLANG_WARN_DIRECT_OBJC_ISA_USAGE = YES_ERROR;
				CLANG_WARN_DOCUMENTATION_COMMENTS = YES;
				CLANG_WARN_EMPTY_BODY = YES;
				CLANG_WARN_ENUM_CONVERSION = YES;
				CLANG_WARN_INFINITE_RECURSION = YES;
				CLANG_WARN_INT_CONVERSION = YES;
				CLANG_WARN_NON_LITERAL_NULL_CONVERSION = YES;
				CLANG_WARN_OBJC_IMPLICIT_RETAIN_SELF = YES;
				CLANG_WARN_OBJC_LITERAL_CONVERSION = YES;
				CLANG_WARN_OBJC_ROOT_CLASS = YES_ERROR;
				CLANG_WARN_QUOTED_INCLUDE_IN_FRAMEWORK_HEADER = YES;
				CLANG_WARN_RANGE_LOOP_ANALYSIS = YES;
				CLANG_WARN_STRICT_PROTOTYPES = YES;
				CLANG_WARN_SUSPICIOUS_MOVE = YES;
				CLANG_WARN_UNGUARDED_AVAILABILITY = YES_AGGRESSIVE;
				CLANG_WARN_UNREACHABLE_CODE = YES;
				CLANG_WARN__DUPLICATE_METHOD_MATCH = YES;
				COPY_PHASE_STRIP = NO;
				DEBUG_INFORMATION_FORMAT = "dwarf-with-dsym";
				ENABLE_NS_ASSERTIONS = NO;
				ENABLE_STRICT_OBJC_MSGSEND = YES;
				ENABLE_USER_SCRIPT_SANDBOXING = YES;
				GCC_C_LANGUAGE_STANDARD = gnu17;
				GCC_NO_COMMON_BLOCKS = YES;
				GCC_WARN_64_TO_32_BIT_CONVERSION = YES;
				GCC_WARN_ABOUT_RETURN_TYPE = YES_ERROR;
				GCC_WARN_UNDECLARED_SELECTOR = YES;
				GCC_WARN_UNINITIALIZED_AUTOS = YES_AGGRESSIVE;
				GCC_WARN_UNUSED_FUNCTION = YES;
				GCC_WARN_UNUSED_VARIABLE = YES;
				IPHONEOS_DEPLOYMENT_TARGET = 17.0;
				LOCALIZATION_PREFERS_STRING_CATALOGS = YES;
				MTL_ENABLE_DEBUG_INFO = NO;
				MTL_FAST_MATH = YES;
				SDKROOT = iphoneos;
				SWIFT_COMPILATION_MODE = wholemodule;
				VALIDATE_PRODUCT = YES;
			};
			name = Release;
		};
		53BE9F152B21CDF300C8C5E6 /* Debug */ = {
			isa = XCBuildConfiguration;
			buildSettings = {
				ASSETCATALOG_COMPILER_APPICON_NAME = AppIcon;
				ASSETCATALOG_COMPILER_GLOBAL_ACCENT_COLOR_NAME = AccentColor;
				CODE_SIGN_STYLE = Automatic;
				CURRENT_PROJECT_VERSION = 1;
				DEVELOPMENT_ASSET_PATHS = "\"ScalableNavigation/Preview Content\"";
				ENABLE_PREVIEWS = YES;
				GENERATE_INFOPLIST_FILE = YES;
				INFOPLIST_KEY_UIApplicationSceneManifest_Generation = YES;
				INFOPLIST_KEY_UIApplicationSupportsIndirectInputEvents = YES;
				INFOPLIST_KEY_UILaunchScreen_Generation = YES;
				INFOPLIST_KEY_UISupportedInterfaceOrientations_iPad = "UIInterfaceOrientationPortrait UIInterfaceOrientationPortraitUpsideDown UIInterfaceOrientationLandscapeLeft UIInterfaceOrientationLandscapeRight";
				INFOPLIST_KEY_UISupportedInterfaceOrientations_iPhone = "UIInterfaceOrientationPortrait UIInterfaceOrientationLandscapeLeft UIInterfaceOrientationLandscapeRight";
				IPHONEOS_DEPLOYMENT_TARGET = 16.0;
				LD_RUNPATH_SEARCH_PATHS = (
					"$(inherited)",
					"@executable_path/Frameworks",
				);
				MARKETING_VERSION = 1.0;
				PRODUCT_BUNDLE_IDENTIFIER = com.sinhlh.ScalableNavigation;
				PRODUCT_NAME = "$(TARGET_NAME)";
				SWIFT_EMIT_LOC_STRINGS = YES;
				SWIFT_VERSION = 5.0;
				TARGETED_DEVICE_FAMILY = "1,2";
			};
			name = Debug;
		};
		53BE9F162B21CDF300C8C5E6 /* Release */ = {
			isa = XCBuildConfiguration;
			buildSettings = {
				ASSETCATALOG_COMPILER_APPICON_NAME = AppIcon;
				ASSETCATALOG_COMPILER_GLOBAL_ACCENT_COLOR_NAME = AccentColor;
				CODE_SIGN_STYLE = Automatic;
				CURRENT_PROJECT_VERSION = 1;
				DEVELOPMENT_ASSET_PATHS = "\"ScalableNavigation/Preview Content\"";
				ENABLE_PREVIEWS = YES;
				GENERATE_INFOPLIST_FILE = YES;
				INFOPLIST_KEY_UIApplicationSceneManifest_Generation = YES;
				INFOPLIST_KEY_UIApplicationSupportsIndirectInputEvents = YES;
				INFOPLIST_KEY_UILaunchScreen_Generation = YES;
				INFOPLIST_KEY_UISupportedInterfaceOrientations_iPad = "UIInterfaceOrientationPortrait UIInterfaceOrientationPortraitUpsideDown UIInterfaceOrientationLandscapeLeft UIInterfaceOrientationLandscapeRight";
				INFOPLIST_KEY_UISupportedInterfaceOrientations_iPhone = "UIInterfaceOrientationPortrait UIInterfaceOrientationLandscapeLeft UIInterfaceOrientationLandscapeRight";
				IPHONEOS_DEPLOYMENT_TARGET = 16.0;
				LD_RUNPATH_SEARCH_PATHS = (
					"$(inherited)",
					"@executable_path/Frameworks",
				);
				MARKETING_VERSION = 1.0;
				PRODUCT_BUNDLE_IDENTIFIER = com.sinhlh.ScalableNavigation;
				PRODUCT_NAME = "$(TARGET_NAME)";
				SWIFT_EMIT_LOC_STRINGS = YES;
				SWIFT_VERSION = 5.0;
				TARGETED_DEVICE_FAMILY = "1,2";
			};
			name = Release;
		};
/* End XCBuildConfiguration section */

/* Begin XCConfigurationList section */
		53BE9F012B21CDF000C8C5E6 /* Build configuration list for PBXProject "ScalableNavigation" */ = {
			isa = XCConfigurationList;
			buildConfigurations = (
				53BE9F122B21CDF300C8C5E6 /* Debug */,
				53BE9F132B21CDF300C8C5E6 /* Release */,
			);
			defaultConfigurationIsVisible = 0;
			defaultConfigurationName = Release;
		};
		53BE9F142B21CDF300C8C5E6 /* Build configuration list for PBXNativeTarget "ScalableNavigation" */ = {
			isa = XCConfigurationList;
			buildConfigurations = (
				53BE9F152B21CDF300C8C5E6 /* Debug */,
				53BE9F162B21CDF300C8C5E6 /* Release */,
			);
			defaultConfigurationIsVisible = 0;
			defaultConfigurationName = Release;
		};
/* End XCConfigurationList section */
	};
	rootObject = 53BE9EFE2B21CDF000C8C5E6 /* Project object */;
}
